
Microsoft Visual Studio Solution File, Format Version 12.00
# Visual Studio Version 17
VisualStudioVersion = 17.14.36518.9 d17.14
MinimumVisualStudioVersion = 10.0.40219.1
Project("{FAE04EC0-301F-11D3-BF4B-00C04F79EFBC}") = "FrontToBack", "FrontToBack.csproj", "{C82CD19C-423D-4F59-B813-6EB244C6B476}"
EndProject
Global
	GlobalSection(SolutionConfigurationPlatforms) = preSolution
		Debug|Any CPU = Debug|Any CPU
		Release|Any CPU = Release|Any CPU
	EndGlobalSection
	GlobalSection(ProjectConfigurationPlatforms) = postSolution
		{C82CD19C-423D-4F59-B813-6EB244C6B476}.Debug|Any CPU.ActiveCfg = Debug|Any CPU
		{C82CD19C-423D-4F59-B813-6EB244C6B476}.Debug|Any CPU.Build.0 = Debug|Any CPU
		{C82CD19C-423D-4F59-B813-6EB244C6B476}.Release|Any CPU.ActiveCfg = Release|Any CPU
		{C82CD19C-423D-4F59-B813-6EB244C6B476}.Release|Any CPU.Build.0 = Release|Any CPU
	EndGlobalSection
	GlobalSection(SolutionProperties) = preSolution
		HideSolutionNode = FALSE
	EndGlobalSection
	GlobalSection(ExtensibilityGlobals) = postSolution
		SolutionGuid = {00DCB286-E71E-4642-98D9-C3DBA18BE8E7}
	EndGlobalSection
EndGlobal
